// !$*UTF8*$!
{
	archiveVersion = 1;
	classes = {
	};
	objectVersion = 46;
	objects = {

/* Begin PBXBuildFile section */
		7235ADDA1A2D1B0B000D3F89 /* BTDrink.m in Sources */ = {isa = PBXBuildFile; fileRef = 7235ADD91A2D1B0B000D3F89 /* BTDrink.m */; };
		7295171B1A2D55E800F2CC53 /* BTDrinkSelectionViewController.m in Sources */ = {isa = PBXBuildFile; fileRef = 7295171A1A2D55E800F2CC53 /* BTDrinkSelectionViewController.m */; };
		729517221A2D57BD00F2CC53 /* BTDrinkCell.m in Sources */ = {isa = PBXBuildFile; fileRef = 729517211A2D57BD00F2CC53 /* BTDrinkCell.m */; };
		729517251A2D5B8A00F2CC53 /* BTDrinkManager.m in Sources */ = {isa = PBXBuildFile; fileRef = 729517241A2D5B8A00F2CC53 /* BTDrinkManager.m */; };
		729517271A2D5C6700F2CC53 /* DrinkList.plist in Resources */ = {isa = PBXBuildFile; fileRef = 729517261A2D5C6700F2CC53 /* DrinkList.plist */; };
		729B72B91A38F9B300480BAF /* BTSavedDrinkCell.m in Sources */ = {isa = PBXBuildFile; fileRef = 729B72B81A38F9B300480BAF /* BTSavedDrinkCell.m */; };
		72C701FF19DE4DB900771534 /* main.m in Sources */ = {isa = PBXBuildFile; fileRef = 72C701FE19DE4DB900771534 /* main.m */; };
		72C7020219DE4DB900771534 /* AppDelegate.m in Sources */ = {isa = PBXBuildFile; fileRef = 72C7020119DE4DB900771534 /* AppDelegate.m */; };
		72C7020519DE4DB900771534 /* ViewController.m in Sources */ = {isa = PBXBuildFile; fileRef = 72C7020419DE4DB900771534 /* ViewController.m */; };
		72C7020819DE4DB900771534 /* Main.storyboard in Resources */ = {isa = PBXBuildFile; fileRef = 72C7020619DE4DB900771534 /* Main.storyboard */; };
		72C7020A19DE4DB900771534 /* Images.xcassets in Resources */ = {isa = PBXBuildFile; fileRef = 72C7020919DE4DB900771534 /* Images.xcassets */; };
		72C7020D19DE4DB900771534 /* LaunchScreen.xib in Resources */ = {isa = PBXBuildFile; fileRef = 72C7020B19DE4DB900771534 /* LaunchScreen.xib */; };
		72C7021919DE4DB900771534 /* bartenderClientTests.m in Sources */ = {isa = PBXBuildFile; fileRef = 72C7021819DE4DB900771534 /* bartenderClientTests.m */; };
		72C7022419DE4E9500771534 /* BTBluetoothManager.m in Sources */ = {isa = PBXBuildFile; fileRef = 72C7022319DE4E9500771534 /* BTBluetoothManager.m */; };
		72C7022819DE509B00771534 /* CoreBluetooth.framework in Frameworks */ = {isa = PBXBuildFile; fileRef = 72C7022719DE509B00771534 /* CoreBluetooth.framework */; };
		72C8BB071A37FEF40010A312 /* UARTPeripheral.m in Sources */ = {isa = PBXBuildFile; fileRef = 72C8BB061A37FEF40010A312 /* UARTPeripheral.m */; };
/* End PBXBuildFile section */

/* Begin PBXContainerItemProxy section */
		72C7021319DE4DB900771534 /* PBXContainerItemProxy */ = {
			isa = PBXContainerItemProxy;
			containerPortal = 72C701F119DE4DB900771534 /* Project object */;
			proxyType = 1;
			remoteGlobalIDString = 72C701F819DE4DB900771534;
			remoteInfo = bartenderClient;
		};
/* End PBXContainerItemProxy section */

/* Begin PBXFileReference section */
		7235ADD81A2D1B0B000D3F89 /* BTDrink.h */ = {isa = PBXFileReference; fileEncoding = 4; lastKnownFileType = sourcecode.c.h; path = BTDrink.h; sourceTree = "<group>"; };
		7235ADD91A2D1B0B000D3F89 /* BTDrink.m */ = {isa = PBXFileReference; fileEncoding = 4; lastKnownFileType = sourcecode.c.objc; path = BTDrink.m; sourceTree = "<group>"; };
		7235ADDC1A2D1BB9000D3F89 /* UIColor+BTPalette.h */ = {isa = PBXFileReference; fileEncoding = 4; lastKnownFileType = sourcecode.c.h; path = "UIColor+BTPalette.h"; sourceTree = "<group>"; };
		729517191A2D55E800F2CC53 /* BTDrinkSelectionViewController.h */ = {isa = PBXFileReference; fileEncoding = 4; lastKnownFileType = sourcecode.c.h; path = BTDrinkSelectionViewController.h; sourceTree = "<group>"; };
		7295171A1A2D55E800F2CC53 /* BTDrinkSelectionViewController.m */ = {isa = PBXFileReference; fileEncoding = 4; lastKnownFileType = sourcecode.c.objc; path = BTDrinkSelectionViewController.m; sourceTree = "<group>"; };
		729517201A2D57BD00F2CC53 /* BTDrinkCell.h */ = {isa = PBXFileReference; fileEncoding = 4; lastKnownFileType = sourcecode.c.h; path = BTDrinkCell.h; sourceTree = "<group>"; };
		729517211A2D57BD00F2CC53 /* BTDrinkCell.m */ = {isa = PBXFileReference; fileEncoding = 4; lastKnownFileType = sourcecode.c.objc; path = BTDrinkCell.m; sourceTree = "<group>"; };
		729517231A2D5B8A00F2CC53 /* BTDrinkManager.h */ = {isa = PBXFileReference; fileEncoding = 4; lastKnownFileType = sourcecode.c.h; path = BTDrinkManager.h; sourceTree = "<group>"; };
		729517241A2D5B8A00F2CC53 /* BTDrinkManager.m */ = {isa = PBXFileReference; fileEncoding = 4; lastKnownFileType = sourcecode.c.objc; path = BTDrinkManager.m; sourceTree = "<group>"; };
		729517261A2D5C6700F2CC53 /* DrinkList.plist */ = {isa = PBXFileReference; fileEncoding = 4; lastKnownFileType = text.plist.xml; path = DrinkList.plist; sourceTree = "<group>"; };
		729B72B71A38F9B300480BAF /* BTSavedDrinkCell.h */ = {isa = PBXFileReference; fileEncoding = 4; lastKnownFileType = sourcecode.c.h; path = BTSavedDrinkCell.h; sourceTree = "<group>"; };
		729B72B81A38F9B300480BAF /* BTSavedDrinkCell.m */ = {isa = PBXFileReference; fileEncoding = 4; lastKnownFileType = sourcecode.c.objc; path = BTSavedDrinkCell.m; sourceTree = "<group>"; };
		72C701F919DE4DB900771534 /* bartenderClient.app */ = {isa = PBXFileReference; explicitFileType = wrapper.application; includeInIndex = 0; path = bartenderClient.app; sourceTree = BUILT_PRODUCTS_DIR; };
		72C701FD19DE4DB900771534 /* Info.plist */ = {isa = PBXFileReference; lastKnownFileType = text.plist.xml; path = Info.plist; sourceTree = "<group>"; };
		72C701FE19DE4DB900771534 /* main.m */ = {isa = PBXFileReference; lastKnownFileType = sourcecode.c.objc; path = main.m; sourceTree = "<group>"; };
		72C7020019DE4DB900771534 /* AppDelegate.h */ = {isa = PBXFileReference; lastKnownFileType = sourcecode.c.h; path = AppDelegate.h; sourceTree = "<group>"; };
		72C7020119DE4DB900771534 /* AppDelegate.m */ = {isa = PBXFileReference; lastKnownFileType = sourcecode.c.objc; path = AppDelegate.m; sourceTree = "<group>"; };
		72C7020319DE4DB900771534 /* ViewController.h */ = {isa = PBXFileReference; lastKnownFileType = sourcecode.c.h; path = ViewController.h; sourceTree = "<group>"; };
		72C7020419DE4DB900771534 /* ViewController.m */ = {isa = PBXFileReference; lastKnownFileType = sourcecode.c.objc; path = ViewController.m; sourceTree = "<group>"; };
		72C7020719DE4DB900771534 /* Base */ = {isa = PBXFileReference; lastKnownFileType = file.storyboard; name = Base; path = Base.lproj/Main.storyboard; sourceTree = "<group>"; };
		72C7020919DE4DB900771534 /* Images.xcassets */ = {isa = PBXFileReference; lastKnownFileType = folder.assetcatalog; path = Images.xcassets; sourceTree = "<group>"; };
		72C7020C19DE4DB900771534 /* Base */ = {isa = PBXFileReference; lastKnownFileType = file.xib; name = Base; path = Base.lproj/LaunchScreen.xib; sourceTree = "<group>"; };
		72C7021219DE4DB900771534 /* bartenderClientTests.xctest */ = {isa = PBXFileReference; explicitFileType = wrapper.cfbundle; includeInIndex = 0; path = bartenderClientTests.xctest; sourceTree = BUILT_PRODUCTS_DIR; };
		72C7021719DE4DB900771534 /* Info.plist */ = {isa = PBXFileReference; lastKnownFileType = text.plist.xml; path = Info.plist; sourceTree = "<group>"; };
		72C7021819DE4DB900771534 /* bartenderClientTests.m */ = {isa = PBXFileReference; lastKnownFileType = sourcecode.c.objc; path = bartenderClientTests.m; sourceTree = "<group>"; };
		72C7022219DE4E9500771534 /* BTBluetoothManager.h */ = {isa = PBXFileReference; fileEncoding = 4; lastKnownFileType = sourcecode.c.h; path = BTBluetoothManager.h; sourceTree = "<group>"; };
		72C7022319DE4E9500771534 /* BTBluetoothManager.m */ = {isa = PBXFileReference; fileEncoding = 4; lastKnownFileType = sourcecode.c.objc; path = BTBluetoothManager.m; sourceTree = "<group>"; };
		72C7022719DE509B00771534 /* CoreBluetooth.framework */ = {isa = PBXFileReference; lastKnownFileType = wrapper.framework; name = CoreBluetooth.framework; path = System/Library/Frameworks/CoreBluetooth.framework; sourceTree = SDKROOT; };
		72C8BB051A37FEF40010A312 /* UARTPeripheral.h */ = {isa = PBXFileReference; fileEncoding = 4; lastKnownFileType = sourcecode.c.h; name = UARTPeripheral.h; path = "../../Submodules/Bluefruit Connect/BLE Test/UARTPeripheral.h"; sourceTree = "<group>"; };
		72C8BB061A37FEF40010A312 /* UARTPeripheral.m */ = {isa = PBXFileReference; fileEncoding = 4; lastKnownFileType = sourcecode.c.objc; name = UARTPeripheral.m; path = "../../Submodules/Bluefruit Connect/BLE Test/UARTPeripheral.m"; sourceTree = "<group>"; };
/* End PBXFileReference section */

/* Begin PBXFrameworksBuildPhase section */
		72C701F619DE4DB900771534 /* Frameworks */ = {
			isa = PBXFrameworksBuildPhase;
			buildActionMask = 2147483647;
			files = (
				72C7022819DE509B00771534 /* CoreBluetooth.framework in Frameworks */,
			);
			runOnlyForDeploymentPostprocessing = 0;
		};
		72C7020F19DE4DB900771534 /* Frameworks */ = {
			isa = PBXFrameworksBuildPhase;
			buildActionMask = 2147483647;
			files = (
			);
			runOnlyForDeploymentPostprocessing = 0;
		};
/* End PBXFrameworksBuildPhase section */

/* Begin PBXGroup section */
		7235ADD71A2D1AA8000D3F89 /* Data Model */ = {
			isa = PBXGroup;
			children = (
				7235ADD81A2D1B0B000D3F89 /* BTDrink.h */,
				7235ADD91A2D1B0B000D3F89 /* BTDrink.m */,
				7235ADDC1A2D1BB9000D3F89 /* UIColor+BTPalette.h */,
				729517231A2D5B8A00F2CC53 /* BTDrinkManager.h */,
				729517241A2D5B8A00F2CC53 /* BTDrinkManager.m */,
				729517261A2D5C6700F2CC53 /* DrinkList.plist */,
			);
			name = "Data Model";
			sourceTree = "<group>";
		};
		7243A48819DF5754005887A6 /* Submodules */ = {
			isa = PBXGroup;
			children = (
				72D0C1761A3659E0001C7191 /* Bluefruit */,
			);
			name = Submodules;
			sourceTree = "<group>";
		};
		7295171C1A2D576000F2CC53 /* Cells */ = {
			isa = PBXGroup;
			children = (
				729517201A2D57BD00F2CC53 /* BTDrinkCell.h */,
				729517211A2D57BD00F2CC53 /* BTDrinkCell.m */,
				729B72B71A38F9B300480BAF /* BTSavedDrinkCell.h */,
				729B72B81A38F9B300480BAF /* BTSavedDrinkCell.m */,
			);
			name = Cells;
			sourceTree = "<group>";
		};
		72C701F019DE4DB900771534 = {
			isa = PBXGroup;
			children = (
				72C7022719DE509B00771534 /* CoreBluetooth.framework */,
				72C701FB19DE4DB900771534 /* bartenderClient */,
				72C7021519DE4DB900771534 /* bartenderClientTests */,
				72C701FA19DE4DB900771534 /* Products */,
			);
			sourceTree = "<group>";
		};
		72C701FA19DE4DB900771534 /* Products */ = {
			isa = PBXGroup;
			children = (
				72C701F919DE4DB900771534 /* bartenderClient.app */,
				72C7021219DE4DB900771534 /* bartenderClientTests.xctest */,
			);
			name = Products;
			sourceTree = "<group>";
		};
		72C701FB19DE4DB900771534 /* bartenderClient */ = {
			isa = PBXGroup;
			children = (
				7295171C1A2D576000F2CC53 /* Cells */,
				7235ADD71A2D1AA8000D3F89 /* Data Model */,
				7243A48819DF5754005887A6 /* Submodules */,
				72C7020019DE4DB900771534 /* AppDelegate.h */,
				72C7020119DE4DB900771534 /* AppDelegate.m */,
				72C7020319DE4DB900771534 /* ViewController.h */,
				72C7020419DE4DB900771534 /* ViewController.m */,
				729517191A2D55E800F2CC53 /* BTDrinkSelectionViewController.h */,
				7295171A1A2D55E800F2CC53 /* BTDrinkSelectionViewController.m */,
				72C7022219DE4E9500771534 /* BTBluetoothManager.h */,
				72C7022319DE4E9500771534 /* BTBluetoothManager.m */,
				72C7020619DE4DB900771534 /* Main.storyboard */,
				72C7020919DE4DB900771534 /* Images.xcassets */,
				72C7020B19DE4DB900771534 /* LaunchScreen.xib */,
				72C701FC19DE4DB900771534 /* Supporting Files */,
			);
			path = bartenderClient;
			sourceTree = "<group>";
		};
		72C701FC19DE4DB900771534 /* Supporting Files */ = {
			isa = PBXGroup;
			children = (
				72C701FD19DE4DB900771534 /* Info.plist */,
				72C701FE19DE4DB900771534 /* main.m */,
			);
			name = "Supporting Files";
			sourceTree = "<group>";
		};
		72C7021519DE4DB900771534 /* bartenderClientTests */ = {
			isa = PBXGroup;
			children = (
				72C7021819DE4DB900771534 /* bartenderClientTests.m */,
				72C7021619DE4DB900771534 /* Supporting Files */,
			);
			path = bartenderClientTests;
			sourceTree = "<group>";
		};
		72C7021619DE4DB900771534 /* Supporting Files */ = {
			isa = PBXGroup;
			children = (
				72C7021719DE4DB900771534 /* Info.plist */,
			);
			name = "Supporting Files";
			sourceTree = "<group>";
		};
		72D0C1761A3659E0001C7191 /* Bluefruit */ = {
			isa = PBXGroup;
			children = (
				72C8BB051A37FEF40010A312 /* UARTPeripheral.h */,
				72C8BB061A37FEF40010A312 /* UARTPeripheral.m */,
			);
			name = Bluefruit;
			sourceTree = "<group>";
		};
/* End PBXGroup section */

/* Begin PBXNativeTarget section */
		72C701F819DE4DB900771534 /* bartenderClient */ = {
			isa = PBXNativeTarget;
			buildConfigurationList = 72C7021C19DE4DB900771534 /* Build configuration list for PBXNativeTarget "bartenderClient" */;
			buildPhases = (
				72C701F519DE4DB900771534 /* Sources */,
				72C701F619DE4DB900771534 /* Frameworks */,
				72C701F719DE4DB900771534 /* Resources */,
			);
			buildRules = (
			);
			dependencies = (
			);
			name = bartenderClient;
			productName = bartenderClient;
			productReference = 72C701F919DE4DB900771534 /* bartenderClient.app */;
			productType = "com.apple.product-type.application";
		};
		72C7021119DE4DB900771534 /* bartenderClientTests */ = {
			isa = PBXNativeTarget;
			buildConfigurationList = 72C7021F19DE4DB900771534 /* Build configuration list for PBXNativeTarget "bartenderClientTests" */;
			buildPhases = (
				72C7020E19DE4DB900771534 /* Sources */,
				72C7020F19DE4DB900771534 /* Frameworks */,
				72C7021019DE4DB900771534 /* Resources */,
			);
			buildRules = (
			);
			dependencies = (
				72C7021419DE4DB900771534 /* PBXTargetDependency */,
			);
			name = bartenderClientTests;
			productName = bartenderClientTests;
			productReference = 72C7021219DE4DB900771534 /* bartenderClientTests.xctest */;
			productType = "com.apple.product-type.bundle.unit-test";
		};
/* End PBXNativeTarget section */

/* Begin PBXProject section */
		72C701F119DE4DB900771534 /* Project object */ = {
			isa = PBXProject;
			attributes = {
				CLASSPREFIX = BT;
				LastUpgradeCheck = 0600;
				ORGANIZATIONNAME = "Davis Gossage";
				TargetAttributes = {
					72C701F819DE4DB900771534 = {
						CreatedOnToolsVersion = 6.0;
						DevelopmentTeam = XSRV98STUR;
					};
					72C7021119DE4DB900771534 = {
						CreatedOnToolsVersion = 6.0;
						TestTargetID = 72C701F819DE4DB900771534;
					};
				};
			};
			buildConfigurationList = 72C701F419DE4DB900771534 /* Build configuration list for PBXProject "bartenderClient" */;
			compatibilityVersion = "Xcode 3.2";
			developmentRegion = English;
			hasScannedForEncodings = 0;
			knownRegions = (
				en,
				Base,
			);
			mainGroup = 72C701F019DE4DB900771534;
			productRefGroup = 72C701FA19DE4DB900771534 /* Products */;
			projectDirPath = "";
			projectRoot = "";
			targets = (
				72C701F819DE4DB900771534 /* bartenderClient */,
				72C7021119DE4DB900771534 /* bartenderClientTests */,
			);
		};
/* End PBXProject section */

/* Begin PBXResourcesBuildPhase section */
		72C701F719DE4DB900771534 /* Resources */ = {
			isa = PBXResourcesBuildPhase;
			buildActionMask = 2147483647;
			files = (
				72C7020819DE4DB900771534 /* Main.storyboard in Resources */,
				729517271A2D5C6700F2CC53 /* DrinkList.plist in Resources */,
				72C7020D19DE4DB900771534 /* LaunchScreen.xib in Resources */,
				72C7020A19DE4DB900771534 /* Images.xcassets in Resources */,
			);
			runOnlyForDeploymentPostprocessing = 0;
		};
		72C7021019DE4DB900771534 /* Resources */ = {
			isa = PBXResourcesBuildPhase;
			buildActionMask = 2147483647;
			files = (
			);
			runOnlyForDeploymentPostprocessing = 0;
		};
/* End PBXResourcesBuildPhase section */

/* Begin PBXSourcesBuildPhase section */
		72C701F519DE4DB900771534 /* Sources */ = {
			isa = PBXSourcesBuildPhase;
			buildActionMask = 2147483647;
			files = (
				729517251A2D5B8A00F2CC53 /* BTDrinkManager.m in Sources */,
				7295171B1A2D55E800F2CC53 /* BTDrinkSelectionViewController.m in Sources */,
				72C7020519DE4DB900771534 /* ViewController.m in Sources */,
				72C8BB071A37FEF40010A312 /* UARTPeripheral.m in Sources */,
				72C7020219DE4DB900771534 /* AppDelegate.m in Sources */,
				729517221A2D57BD00F2CC53 /* BTDrinkCell.m in Sources */,
				729B72B91A38F9B300480BAF /* BTSavedDrinkCell.m in Sources */,
				72C7022419DE4E9500771534 /* BTBluetoothManager.m in Sources */,
				72C701FF19DE4DB900771534 /* main.m in Sources */,
				7235ADDA1A2D1B0B000D3F89 /* BTDrink.m in Sources */,
			);
			runOnlyForDeploymentPostprocessing = 0;
		};
		72C7020E19DE4DB900771534 /* Sources */ = {
			isa = PBXSourcesBuildPhase;
			buildActionMask = 2147483647;
			files = (
				72C7021919DE4DB900771534 /* bartenderClientTests.m in Sources */,
			);
			runOnlyForDeploymentPostprocessing = 0;
		};
/* End PBXSourcesBuildPhase section */

/* Begin PBXTargetDependency section */
		72C7021419DE4DB900771534 /* PBXTargetDependency */ = {
			isa = PBXTargetDependency;
			target = 72C701F819DE4DB900771534 /* bartenderClient */;
			targetProxy = 72C7021319DE4DB900771534 /* PBXContainerItemProxy */;
		};
/* End PBXTargetDependency section */

/* Begin PBXVariantGroup section */
		72C7020619DE4DB900771534 /* Main.storyboard */ = {
			isa = PBXVariantGroup;
			children = (
				72C7020719DE4DB900771534 /* Base */,
			);
			name = Main.storyboard;
			sourceTree = "<group>";
		};
		72C7020B19DE4DB900771534 /* LaunchScreen.xib */ = {
			isa = PBXVariantGroup;
			children = (
				72C7020C19DE4DB900771534 /* Base */,
			);
			name = LaunchScreen.xib;
			sourceTree = "<group>";
		};
/* End PBXVariantGroup section */

/* Begin XCBuildConfiguration section */
		72C7021A19DE4DB900771534 /* Debug */ = {
			isa = XCBuildConfiguration;
			buildSettings = {
				ALWAYS_SEARCH_USER_PATHS = NO;
				CLANG_CXX_LANGUAGE_STANDARD = "gnu++0x";
				CLANG_CXX_LIBRARY = "libc++";
				CLANG_ENABLE_MODULES = YES;
				CLANG_ENABLE_OBJC_ARC = YES;
				CLANG_WARN_BOOL_CONVERSION = YES;
				CLANG_WARN_CONSTANT_CONVERSION = YES;
				CLANG_WARN_DIRECT_OBJC_ISA_USAGE = YES_ERROR;
				CLANG_WARN_EMPTY_BODY = YES;
				CLANG_WARN_ENUM_CONVERSION = YES;
				CLANG_WARN_INT_CONVERSION = YES;
				CLANG_WARN_OBJC_ROOT_CLASS = YES_ERROR;
				CLANG_WARN_UNREACHABLE_CODE = YES;
				CLANG_WARN__DUPLICATE_METHOD_MATCH = YES;
				CODE_SIGN_IDENTITY = "iPhone Developer";
				"CODE_SIGN_IDENTITY[sdk=iphoneos*]" = "iPhone Developer";
				COPY_PHASE_STRIP = NO;
				ENABLE_STRICT_OBJC_MSGSEND = YES;
				GCC_C_LANGUAGE_STANDARD = gnu99;
				GCC_DYNAMIC_NO_PIC = NO;
				GCC_OPTIMIZATION_LEVEL = 0;
				GCC_PREPROCESSOR_DEFINITIONS = (
					"DEBUG=1",
					"$(inherited)",
					"NOBT=1",
				);
				GCC_SYMBOLS_PRIVATE_EXTERN = NO;
				GCC_WARN_64_TO_32_BIT_CONVERSION = YES;
				GCC_WARN_ABOUT_RETURN_TYPE = YES_ERROR;
				GCC_WARN_UNDECLARED_SELECTOR = YES;
				GCC_WARN_UNINITIALIZED_AUTOS = YES_AGGRESSIVE;
				GCC_WARN_UNUSED_FUNCTION = YES;
				GCC_WARN_UNUSED_VARIABLE = YES;
				IPHONEOS_DEPLOYMENT_TARGET = 8.0;
				MTL_ENABLE_DEBUG_INFO = YES;
				ONLY_ACTIVE_ARCH = YES;
				PROVISIONING_PROFILE = "";
				SDKROOT = iphoneos;
				TARGETED_DEVICE_FAMILY = "1,2";
			};
			name = Debug;
		};
		72C7021B19DE4DB900771534 /* Release */ = {
			isa = XCBuildConfiguration;
			buildSettings = {
				ALWAYS_SEARCH_USER_PATHS = NO;
				CLANG_CXX_LANGUAGE_STANDARD = "gnu++0x";
				CLANG_CXX_LIBRARY = "libc++";
				CLANG_ENABLE_MODULES = YES;
				CLANG_ENABLE_OBJC_ARC = YES;
				CLANG_WARN_BOOL_CONVERSION = YES;
				CLANG_WARN_CONSTANT_CONVERSION = YES;
				CLANG_WARN_DIRECT_OBJC_ISA_USAGE = YES_ERROR;
				CLANG_WARN_EMPTY_BODY = YES;
				CLANG_WARN_ENUM_CONVERSION = YES;
				CLANG_WARN_INT_CONVERSION = YES;
				CLANG_WARN_OBJC_ROOT_CLASS = YES_ERROR;
				CLANG_WARN_UNREACHABLE_CODE = YES;
				CLANG_WARN__DUPLICATE_METHOD_MATCH = YES;
				CODE_SIGN_IDENTITY = "iPhone Distribution";
				"CODE_SIGN_IDENTITY[sdk=iphoneos*]" = "iPhone Distribution";
				COPY_PHASE_STRIP = YES;
				ENABLE_NS_ASSERTIONS = NO;
				ENABLE_STRICT_OBJC_MSGSEND = YES;
				GCC_C_LANGUAGE_STANDARD = gnu99;
				GCC_WARN_64_TO_32_BIT_CONVERSION = YES;
				GCC_WARN_ABOUT_RETURN_TYPE = YES_ERROR;
				GCC_WARN_UNDECLARED_SELECTOR = YES;
				GCC_WARN_UNINITIALIZED_AUTOS = YES_AGGRESSIVE;
				GCC_WARN_UNUSED_FUNCTION = YES;
				GCC_WARN_UNUSED_VARIABLE = YES;
				IPHONEOS_DEPLOYMENT_TARGET = 8.0;
				MTL_ENABLE_DEBUG_INFO = NO;
				PROVISIONING_PROFILE = "";
				SDKROOT = iphoneos;
				TARGETED_DEVICE_FAMILY = "1,2";
				VALIDATE_PRODUCT = YES;
			};
			name = Release;
		};
		72C7021D19DE4DB900771534 /* Debug */ = {
			isa = XCBuildConfiguration;
			buildSettings = {
				ASSETCATALOG_COMPILER_APPICON_NAME = AppIcon;
				CODE_SIGN_RESOURCE_RULES_PATH = "$(SDKROOT)/ResourceRules.plist";
				INFOPLIST_FILE = bartenderClient/Info.plist;
				IPHONEOS_DEPLOYMENT_TARGET = 7.0;
				LD_RUNPATH_SEARCH_PATHS = "$(inherited) @executable_path/Frameworks";
				PRODUCT_NAME = "$(TARGET_NAME)";
				PROVISIONING_PROFILE = "";
			};
			name = Debug;
		};
		72C7021E19DE4DB900771534 /* Release */ = {
			isa = XCBuildConfiguration;
			buildSettings = {
				ASSETCATALOG_COMPILER_APPICON_NAME = AppIcon;
				CODE_SIGN_IDENTITY = "iPhone Distribution";
				CODE_SIGN_RESOURCE_RULES_PATH = "$(SDKROOT)/ResourceRules.plist";
				INFOPLIST_FILE = bartenderClient/Info.plist;
				IPHONEOS_DEPLOYMENT_TARGET = 7.0;
				LD_RUNPATH_SEARCH_PATHS = "$(inherited) @executable_path/Frameworks";
				PRODUCT_NAME = "$(TARGET_NAME)";
				PROVISIONING_PROFILE = "";
			};
			name = Release;
		};
		72C7022019DE4DB900771534 /* Debug */ = {
			isa = XCBuildConfiguration;
			buildSettings = {
				BUNDLE_LOADER = "$(TEST_HOST)";
				FRAMEWORK_SEARCH_PATHS = (
					"$(SDKROOT)/Developer/Library/Frameworks",
					"$(inherited)",
				);
				GCC_PREPROCESSOR_DEFINITIONS = (
					"DEBUG=1",
					"$(inherited)",
				);
				INFOPLIST_FILE = bartenderClientTests/Info.plist;
				LD_RUNPATH_SEARCH_PATHS = "$(inherited) @executable_path/Frameworks @loader_path/Frameworks";
				PRODUCT_NAME = "$(TARGET_NAME)";
				TEST_HOST = "$(BUILT_PRODUCTS_DIR)/bartenderClient.app/bartenderClient";
			};
			name = Debug;
		};
		72C7022119DE4DB900771534 /* Release */ = {
			isa = XCBuildConfiguration;
			buildSettings = {
				BUNDLE_LOADER = "$(TEST_HOST)";
				FRAMEWORK_SEARCH_PATHS = (
					"$(SDKROOT)/Developer/Library/Frameworks",
					"$(inherited)",
				);
				INFOPLIST_FILE = bartenderClientTests/Info.plist;
				LD_RUNPATH_SEARCH_PATHS = "$(inherited) @executable_path/Frameworks @loader_path/Frameworks";
				PRODUCT_NAME = "$(TARGET_NAME)";
				TEST_HOST = "$(BUILT_PRODUCTS_DIR)/bartenderClient.app/bartenderClient";
			};
			name = Release;
		};
/* End XCBuildConfiguration section */

/* Begin XCConfigurationList section */
		72C701F419DE4DB900771534 /* Build configuration list for PBXProject "bartenderClient" */ = {
			isa = XCConfigurationList;
			buildConfigurations = (
				72C7021A19DE4DB900771534 /* Debug */,
				72C7021B19DE4DB900771534 /* Release */,
			);
			defaultConfigurationIsVisible = 0;
			defaultConfigurationName = Release;
		};
		72C7021C19DE4DB900771534 /* Build configuration list for PBXNativeTarget "bartenderClient" */ = {
			isa = XCConfigurationList;
			buildConfigurations = (
				72C7021D19DE4DB900771534 /* Debug */,
				72C7021E19DE4DB900771534 /* Release */,
			);
			defaultConfigurationIsVisible = 0;
			defaultConfigurationName = Release;
		};
		72C7021F19DE4DB900771534 /* Build configuration list for PBXNativeTarget "bartenderClientTests" */ = {
			isa = XCConfigurationList;
			buildConfigurations = (
				72C7022019DE4DB900771534 /* Debug */,
				72C7022119DE4DB900771534 /* Release */,
			);
			defaultConfigurationIsVisible = 0;
			defaultConfigurationName = Release;
		};
/* End XCConfigurationList section */
	};
	rootObject = 72C701F119DE4DB900771534 /* Project object */;
}
